
Microsoft Visual Studio Solution File, Format Version 12.00
# Visual Studio Version 17
VisualStudioVersion = 17.4.33403.182
MinimumVisualStudioVersion = 10.0.40219.1
Project("{FAE04EC0-301F-11D3-BF4B-00C04F79EFBC}") = "MediaDatabaseCreator", "MediaDatabaseCreator\MediaDatabaseCreator.csproj", "{E7CD8280-E7A1-4E79-8D63-3EE52D957BC5}"
EndProject
Global
	GlobalSection(SolutionConfigurationPlatforms) = preSolution
		Debug|Any CPU = Debug|Any CPU
		Release|Any CPU = Release|Any CPU
	EndGlobalSection
	GlobalSection(ProjectConfigurationPlatforms) = postSolution
		{E7CD8280-E7A1-4E79-8D63-3EE52D957BC5}.Debug|Any CPU.ActiveCfg = Debug|Any CPU
		{E7CD8280-E7A1-4E79-8D63-3EE52D957BC5}.Debug|Any CPU.Build.0 = Debug|Any CPU
		{E7CD8280-E7A1-4E79-8D63-3EE52D957BC5}.Release|Any CPU.ActiveCfg = Release|Any CPU
		{E7CD8280-E7A1-4E79-8D63-3EE52D957BC5}.Release|Any CPU.Build.0 = Release|Any CPU
	EndGlobalSection
	GlobalSection(SolutionProperties) = preSolution
		HideSolutionNode = FALSE
	EndGlobalSection
	GlobalSection(ExtensibilityGlobals) = postSolution
		SolutionGuid = {BE48AA5D-9D18-4A5D-95C0-61D7E1728383}
	EndGlobalSection
EndGlobal
